
Microsoft Visual Studio Solution File, Format Version 12.00
# Visual Studio Version 17
VisualStudioVersion = 17.1.32210.238
MinimumVisualStudioVersion = 10.0.40219.1
Project("{FAE04EC0-301F-11D3-BF4B-00C04F79EFBC}") = "两数之和", "两数之和\两数之和.csproj", "{2783EED6-2195-470F-A37B-39B7C477A50C}"
EndProject
Global
	GlobalSection(SolutionConfigurationPlatforms) = preSolution
		Debug|Any CPU = Debug|Any CPU
		Release|Any CPU = Release|Any CPU
	EndGlobalSection
	GlobalSection(ProjectConfigurationPlatforms) = postSolution
		{2783EED6-2195-470F-A37B-39B7C477A50C}.Debug|Any CPU.ActiveCfg = Debug|Any CPU
		{2783EED6-2195-470F-A37B-39B7C477A50C}.Debug|Any CPU.Build.0 = Debug|Any CPU
		{2783EED6-2195-470F-A37B-39B7C477A50C}.Release|Any CPU.ActiveCfg = Release|Any CPU
		{2783EED6-2195-470F-A37B-39B7C477A50C}.Release|Any CPU.Build.0 = Release|Any CPU
	EndGlobalSection
	GlobalSection(SolutionProperties) = preSolution
		HideSolutionNode = FALSE
	EndGlobalSection
	GlobalSection(ExtensibilityGlobals) = postSolution
		SolutionGuid = {3DC565F0-DC61-433D-BAE4-3A0C25A47F75}
	EndGlobalSection
EndGlobal
