
Microsoft Visual Studio Solution File, Format Version 12.00
# Visual Studio Version 17
VisualStudioVersion = 17.0.31903.59
MinimumVisualStudioVersion = 10.0.40219.1
Project("{FAE04EC0-301F-11D3-BF4B-00C04F79EFBC}") = "SuperSocketTest", "SuperSocketTest.csproj", "{A22D5F06-7009-454E-9F60-BE341B875DC4}"
EndProject
Global
	GlobalSection(SolutionConfigurationPlatforms) = preSolution
		Debug|Any CPU = Debug|Any CPU
		Release|Any CPU = Release|Any CPU
	EndGlobalSection
	GlobalSection(ProjectConfigurationPlatforms) = postSolution
		{A22D5F06-7009-454E-9F60-BE341B875DC4}.Debug|Any CPU.ActiveCfg = Debug|Any CPU
		{A22D5F06-7009-454E-9F60-BE341B875DC4}.Debug|Any CPU.Build.0 = Debug|Any CPU
		{A22D5F06-7009-454E-9F60-BE341B875DC4}.Release|Any CPU.ActiveCfg = Release|Any CPU
		{A22D5F06-7009-454E-9F60-BE341B875DC4}.Release|Any CPU.Build.0 = Release|Any CPU
	EndGlobalSection
	GlobalSection(SolutionProperties) = preSolution
		HideSolutionNode = FALSE
	EndGlobalSection
	GlobalSection(ExtensibilityGlobals) = postSolution
		SolutionGuid = {F508EDAA-CF06-4931-8D79-C83376DBE18C}
	EndGlobalSection
EndGlobal
